
Microsoft Visual Studio Solution File, Format Version 12.00
# Visual Studio Version 17
VisualStudioVersion = 17.3.32929.385
MinimumVisualStudioVersion = 10.0.40219.1
Project("{FAE04EC0-301F-11D3-BF4B-00C04F79EFBC}") = "Diskretka", "Diskretka.csproj", "{573227F2-6E0F-4DFF-92B3-B1A7D7E870DE}"
EndProject
Global
	GlobalSection(SolutionConfigurationPlatforms) = preSolution
		Debug|Any CPU = Debug|Any CPU
		Release|Any CPU = Release|Any CPU
	EndGlobalSection
	GlobalSection(ProjectConfigurationPlatforms) = postSolution
		{573227F2-6E0F-4DFF-92B3-B1A7D7E870DE}.Debug|Any CPU.ActiveCfg = Debug|Any CPU
		{573227F2-6E0F-4DFF-92B3-B1A7D7E870DE}.Debug|Any CPU.Build.0 = Debug|Any CPU
		{573227F2-6E0F-4DFF-92B3-B1A7D7E870DE}.Release|Any CPU.ActiveCfg = Release|Any CPU
		{573227F2-6E0F-4DFF-92B3-B1A7D7E870DE}.Release|Any CPU.Build.0 = Release|Any CPU
	EndGlobalSection
	GlobalSection(SolutionProperties) = preSolution
		HideSolutionNode = FALSE
	EndGlobalSection
	GlobalSection(ExtensibilityGlobals) = postSolution
		SolutionGuid = {2E8C9D0E-9D48-443F-9A33-51C2AD15B826}
	EndGlobalSection
EndGlobal
