
Microsoft Visual Studio Solution File, Format Version 12.00
# Visual Studio Version 17
VisualStudioVersion = 17.3.32929.385
MinimumVisualStudioVersion = 10.0.40219.1
Project("{FAE04EC0-301F-11D3-BF4B-00C04F79EFBC}") = "Prima's", "Prima's.csproj", "{53639B47-9360-4545-830F-48A56355C9D3}"
EndProject
Global
	GlobalSection(SolutionConfigurationPlatforms) = preSolution
		Debug|Any CPU = Debug|Any CPU
		Release|Any CPU = Release|Any CPU
	EndGlobalSection
	GlobalSection(ProjectConfigurationPlatforms) = postSolution
		{53639B47-9360-4545-830F-48A56355C9D3}.Debug|Any CPU.ActiveCfg = Debug|Any CPU
		{53639B47-9360-4545-830F-48A56355C9D3}.Debug|Any CPU.Build.0 = Debug|Any CPU
		{53639B47-9360-4545-830F-48A56355C9D3}.Release|Any CPU.ActiveCfg = Release|Any CPU
		{53639B47-9360-4545-830F-48A56355C9D3}.Release|Any CPU.Build.0 = Release|Any CPU
	EndGlobalSection
	GlobalSection(SolutionProperties) = preSolution
		HideSolutionNode = FALSE
	EndGlobalSection
	GlobalSection(ExtensibilityGlobals) = postSolution
		SolutionGuid = {27C5F821-EAB5-418A-A82D-8A65D4C3F47F}
	EndGlobalSection
EndGlobal
