
Microsoft Visual Studio Solution File, Format Version 12.00
# Visual Studio Version 17
VisualStudioVersion = 17.3.32929.385
MinimumVisualStudioVersion = 10.0.40219.1
Project("{FAE04EC0-301F-11D3-BF4B-00C04F79EFBC}") = "Kubik Rubika", "Kubik Rubika.csproj", "{AFA60210-9D42-48C4-9C4A-BA68286529B1}"
EndProject
Global
	GlobalSection(SolutionConfigurationPlatforms) = preSolution
		Debug|Any CPU = Debug|Any CPU
		Release|Any CPU = Release|Any CPU
	EndGlobalSection
	GlobalSection(ProjectConfigurationPlatforms) = postSolution
		{AFA60210-9D42-48C4-9C4A-BA68286529B1}.Debug|Any CPU.ActiveCfg = Debug|Any CPU
		{AFA60210-9D42-48C4-9C4A-BA68286529B1}.Debug|Any CPU.Build.0 = Debug|Any CPU
		{AFA60210-9D42-48C4-9C4A-BA68286529B1}.Release|Any CPU.ActiveCfg = Release|Any CPU
		{AFA60210-9D42-48C4-9C4A-BA68286529B1}.Release|Any CPU.Build.0 = Release|Any CPU
	EndGlobalSection
	GlobalSection(SolutionProperties) = preSolution
		HideSolutionNode = FALSE
	EndGlobalSection
	GlobalSection(ExtensibilityGlobals) = postSolution
		SolutionGuid = {427D96B1-2425-4935-A5BB-5D3EFBA064D2}
	EndGlobalSection
EndGlobal
